# This file was autogenerated by uv via the following command:
#    uv pip compile pyproject.toml -o uv.lock
asgiref==3.8.1
    # via
    #   django
    #   django-cors-headers
certifi==2025.1.31
    # via requests
charset-normalizer==3.4.1
    # via requests
click==8.1.8
    # via uvicorn
django==5.2
    # via
    #   events-face (pyproject.toml)
    #   django-cors-headers
    #   djangorestframework
    #   djangorestframework-simplejwt
django-cors-headers==4.7.0
    # via events-face (pyproject.toml)
djangorestframework==3.16.0
    # via
    #   events-face (pyproject.toml)
    #   djangorestframework-simplejwt
djangorestframework-simplejwt==5.5.0
    # via events-face (pyproject.toml)
gunicorn==23.0.0
    # via events-face (pyproject.toml)
h11==0.14.0
    # via uvicorn
idna==3.10
    # via requests
packaging==24.2
    # via gunicorn
psycopg2-binary==2.9.10
    # via events-face (pyproject.toml)
pyjwt==2.9.0
    # via djangorestframework-simplejwt
requests==2.32.3
    # via events-face (pyproject.toml)
sqlparse==0.5.3
    # via django
urllib3==2.4.0
    # via requests
uvicorn==0.34.1
    # via events-face (pyproject.toml)
whitenoise==6.9.0
    # via events-face (pyproject.toml)
